
Microsoft Visual Studio Solution File, Format Version 12.00
# Visual Studio Version 17
VisualStudioVersion = 17.4.33205.214
MinimumVisualStudioVersion = 10.0.40219.1
Project("{FAE04EC0-301F-11D3-BF4B-00C04F79EFBC}") = "Scraper", "Scraper\Scraper.csproj", "{E971F54B-A4EB-4ABF-B2B3-5884E977D2D1}"
EndProject
Project("{FAE04EC0-301F-11D3-BF4B-00C04F79EFBC}") = "Scraper.Service", "Scraper.Service\Scraper.Service.csproj", "{083A8308-2503-4F88-910F-F7B63C360804}"
EndProject
Global
	GlobalSection(SolutionConfigurationPlatforms) = preSolution
		Debug|Any CPU = Debug|Any CPU
		Release|Any CPU = Release|Any CPU
	EndGlobalSection
	GlobalSection(ProjectConfigurationPlatforms) = postSolution
		{E971F54B-A4EB-4ABF-B2B3-5884E977D2D1}.Debug|Any CPU.ActiveCfg = Debug|Any CPU
		{E971F54B-A4EB-4ABF-B2B3-5884E977D2D1}.Debug|Any CPU.Build.0 = Debug|Any CPU
		{E971F54B-A4EB-4ABF-B2B3-5884E977D2D1}.Release|Any CPU.ActiveCfg = Release|Any CPU
		{E971F54B-A4EB-4ABF-B2B3-5884E977D2D1}.Release|Any CPU.Build.0 = Release|Any CPU
		{083A8308-2503-4F88-910F-F7B63C360804}.Debug|Any CPU.ActiveCfg = Debug|Any CPU
		{083A8308-2503-4F88-910F-F7B63C360804}.Debug|Any CPU.Build.0 = Debug|Any CPU
		{083A8308-2503-4F88-910F-F7B63C360804}.Release|Any CPU.ActiveCfg = Release|Any CPU
		{083A8308-2503-4F88-910F-F7B63C360804}.Release|Any CPU.Build.0 = Release|Any CPU
	EndGlobalSection
	GlobalSection(SolutionProperties) = preSolution
		HideSolutionNode = FALSE
	EndGlobalSection
	GlobalSection(ExtensibilityGlobals) = postSolution
		SolutionGuid = {DBCA6E1B-BF0A-4900-B003-4FB61C42A777}
	EndGlobalSection
EndGlobal
